// !$*UTF8*$!
{
	archiveVersion = 1;
	classes = {
	};
	objectVersion = 48;
	objects = {

/* Begin PBXBuildFile section */
		F609DB1B200A5C3600FE8907 /* AppDelegate.swift in Sources */ = {isa = PBXBuildFile; fileRef = F609DB1A200A5C3600FE8907 /* AppDelegate.swift */; };
		F609DB1D200A5C3600FE8907 /* ViewController.swift in Sources */ = {isa = PBXBuildFile; fileRef = F609DB1C200A5C3600FE8907 /* ViewController.swift */; };
		F609DB20200A5C3600FE8907 /* Main.storyboard in Resources */ = {isa = PBXBuildFile; fileRef = F609DB1E200A5C3600FE8907 /* Main.storyboard */; };
		F609DB23200A5C3600FE8907 /* CoreDataDemo.xcdatamodeld in Sources */ = {isa = PBXBuildFile; fileRef = F609DB21200A5C3600FE8907 /* CoreDataDemo.xcdatamodeld */; };
		F609DB25200A5C3600FE8907 /* Assets.xcassets in Resources */ = {isa = PBXBuildFile; fileRef = F609DB24200A5C3600FE8907 /* Assets.xcassets */; };
		F609DB28200A5C3600FE8907 /* LaunchScreen.storyboard in Resources */ = {isa = PBXBuildFile; fileRef = F609DB26200A5C3600FE8907 /* LaunchScreen.storyboard */; };
		F609DB33200A5C3600FE8907 /* CoreDataDemoTests.swift in Sources */ = {isa = PBXBuildFile; fileRef = F609DB32200A5C3600FE8907 /* CoreDataDemoTests.swift */; };
		F609DB3E200A5C3600FE8907 /* CoreDataDemoUITests.swift in Sources */ = {isa = PBXBuildFile; fileRef = F609DB3D200A5C3600FE8907 /* CoreDataDemoUITests.swift */; };
		F609DB4C200A68C800FE8907 /* BookCell.xib in Resources */ = {isa = PBXBuildFile; fileRef = F609DB4B200A68C800FE8907 /* BookCell.xib */; };
		F609DB4E200A6ADD00FE8907 /* BookCell.swift in Sources */ = {isa = PBXBuildFile; fileRef = F609DB4D200A6ADD00FE8907 /* BookCell.swift */; };
		F609DB50200A7B9300FE8907 /* BookDetailViewController.swift in Sources */ = {isa = PBXBuildFile; fileRef = F609DB4F200A7B9300FE8907 /* BookDetailViewController.swift */; };
/* End PBXBuildFile section */

/* Begin PBXContainerItemProxy section */
		F609DB2F200A5C3600FE8907 /* PBXContainerItemProxy */ = {
			isa = PBXContainerItemProxy;
			containerPortal = F609DB0F200A5C3600FE8907 /* Project object */;
			proxyType = 1;
			remoteGlobalIDString = F609DB16200A5C3600FE8907;
			remoteInfo = CoreDataDemo;
		};
		F609DB3A200A5C3600FE8907 /* PBXContainerItemProxy */ = {
			isa = PBXContainerItemProxy;
			containerPortal = F609DB0F200A5C3600FE8907 /* Project object */;
			proxyType = 1;
			remoteGlobalIDString = F609DB16200A5C3600FE8907;
			remoteInfo = CoreDataDemo;
		};
/* End PBXContainerItemProxy section */

/* Begin PBXFileReference section */
		F609DB17200A5C3600FE8907 /* CoreDataDemo.app */ = {isa = PBXFileReference; explicitFileType = wrapper.application; includeInIndex = 0; path = CoreDataDemo.app; sourceTree = BUILT_PRODUCTS_DIR; };
		F609DB1A200A5C3600FE8907 /* AppDelegate.swift */ = {isa = PBXFileReference; lastKnownFileType = sourcecode.swift; path = AppDelegate.swift; sourceTree = "<group>"; };
		F609DB1C200A5C3600FE8907 /* ViewController.swift */ = {isa = PBXFileReference; lastKnownFileType = sourcecode.swift; path = ViewController.swift; sourceTree = "<group>"; };
		F609DB1F200A5C3600FE8907 /* Base */ = {isa = PBXFileReference; lastKnownFileType = file.storyboard; name = Base; path = Base.lproj/Main.storyboard; sourceTree = "<group>"; };
		F609DB22200A5C3600FE8907 /* CoreDataDemo.xcdatamodel */ = {isa = PBXFileReference; lastKnownFileType = wrapper.xcdatamodel; path = CoreDataDemo.xcdatamodel; sourceTree = "<group>"; };
		F609DB24200A5C3600FE8907 /* Assets.xcassets */ = {isa = PBXFileReference; lastKnownFileType = folder.assetcatalog; path = Assets.xcassets; sourceTree = "<group>"; };
		F609DB27200A5C3600FE8907 /* Base */ = {isa = PBXFileReference; lastKnownFileType = file.storyboard; name = Base; path = Base.lproj/LaunchScreen.storyboard; sourceTree = "<group>"; };
		F609DB29200A5C3600FE8907 /* Info.plist */ = {isa = PBXFileReference; lastKnownFileType = text.plist.xml; path = Info.plist; sourceTree = "<group>"; };
		F609DB2E200A5C3600FE8907 /* CoreDataDemoTests.xctest */ = {isa = PBXFileReference; explicitFileType = wrapper.cfbundle; includeInIndex = 0; path = CoreDataDemoTests.xctest; sourceTree = BUILT_PRODUCTS_DIR; };
		F609DB32200A5C3600FE8907 /* CoreDataDemoTests.swift */ = {isa = PBXFileReference; lastKnownFileType = sourcecode.swift; path = CoreDataDemoTests.swift; sourceTree = "<group>"; };
		F609DB34200A5C3600FE8907 /* Info.plist */ = {isa = PBXFileReference; lastKnownFileType = text.plist.xml; path = Info.plist; sourceTree = "<group>"; };
		F609DB39200A5C3600FE8907 /* CoreDataDemoUITests.xctest */ = {isa = PBXFileReference; explicitFileType = wrapper.cfbundle; includeInIndex = 0; path = CoreDataDemoUITests.xctest; sourceTree = BUILT_PRODUCTS_DIR; };
		F609DB3D200A5C3600FE8907 /* CoreDataDemoUITests.swift */ = {isa = PBXFileReference; lastKnownFileType = sourcecode.swift; path = CoreDataDemoUITests.swift; sourceTree = "<group>"; };
		F609DB3F200A5C3600FE8907 /* Info.plist */ = {isa = PBXFileReference; lastKnownFileType = text.plist.xml; path = Info.plist; sourceTree = "<group>"; };
		F609DB4B200A68C800FE8907 /* BookCell.xib */ = {isa = PBXFileReference; lastKnownFileType = file.xib; path = BookCell.xib; sourceTree = "<group>"; };
		F609DB4D200A6ADD00FE8907 /* BookCell.swift */ = {isa = PBXFileReference; lastKnownFileType = sourcecode.swift; path = BookCell.swift; sourceTree = "<group>"; };
		F609DB4F200A7B9300FE8907 /* BookDetailViewController.swift */ = {isa = PBXFileReference; lastKnownFileType = sourcecode.swift; path = BookDetailViewController.swift; sourceTree = "<group>"; };
/* End PBXFileReference section */

/* Begin PBXFrameworksBuildPhase section */
		F609DB14200A5C3600FE8907 /* Frameworks */ = {
			isa = PBXFrameworksBuildPhase;
			buildActionMask = 2147483647;
			files = (
			);
			runOnlyForDeploymentPostprocessing = 0;
		};
		F609DB2B200A5C3600FE8907 /* Frameworks */ = {
			isa = PBXFrameworksBuildPhase;
			buildActionMask = 2147483647;
			files = (
			);
			runOnlyForDeploymentPostprocessing = 0;
		};
		F609DB36200A5C3600FE8907 /* Frameworks */ = {
			isa = PBXFrameworksBuildPhase;
			buildActionMask = 2147483647;
			files = (
			);
			runOnlyForDeploymentPostprocessing = 0;
		};
/* End PBXFrameworksBuildPhase section */

/* Begin PBXGroup section */
		F609DB0E200A5C3600FE8907 = {
			isa = PBXGroup;
			children = (
				F609DB19200A5C3600FE8907 /* CoreDataDemo */,
				F609DB31200A5C3600FE8907 /* CoreDataDemoTests */,
				F609DB3C200A5C3600FE8907 /* CoreDataDemoUITests */,
				F609DB18200A5C3600FE8907 /* Products */,
			);
			sourceTree = "<group>";
		};
		F609DB18200A5C3600FE8907 /* Products */ = {
			isa = PBXGroup;
			children = (
				F609DB17200A5C3600FE8907 /* CoreDataDemo.app */,
				F609DB2E200A5C3600FE8907 /* CoreDataDemoTests.xctest */,
				F609DB39200A5C3600FE8907 /* CoreDataDemoUITests.xctest */,
			);
			name = Products;
			sourceTree = "<group>";
		};
		F609DB19200A5C3600FE8907 /* CoreDataDemo */ = {
			isa = PBXGroup;
			children = (
				F609DB1A200A5C3600FE8907 /* AppDelegate.swift */,
				F609DB1C200A5C3600FE8907 /* ViewController.swift */,
				F609DB1E200A5C3600FE8907 /* Main.storyboard */,
				F609DB24200A5C3600FE8907 /* Assets.xcassets */,
				F609DB26200A5C3600FE8907 /* LaunchScreen.storyboard */,
				F609DB29200A5C3600FE8907 /* Info.plist */,
				F609DB21200A5C3600FE8907 /* CoreDataDemo.xcdatamodeld */,
				F609DB4B200A68C800FE8907 /* BookCell.xib */,
				F609DB4D200A6ADD00FE8907 /* BookCell.swift */,
				F609DB4F200A7B9300FE8907 /* BookDetailViewController.swift */,
			);
			path = CoreDataDemo;
			sourceTree = "<group>";
		};
		F609DB31200A5C3600FE8907 /* CoreDataDemoTests */ = {
			isa = PBXGroup;
			children = (
				F609DB32200A5C3600FE8907 /* CoreDataDemoTests.swift */,
				F609DB34200A5C3600FE8907 /* Info.plist */,
			);
			path = CoreDataDemoTests;
			sourceTree = "<group>";
		};
		F609DB3C200A5C3600FE8907 /* CoreDataDemoUITests */ = {
			isa = PBXGroup;
			children = (
				F609DB3D200A5C3600FE8907 /* CoreDataDemoUITests.swift */,
				F609DB3F200A5C3600FE8907 /* Info.plist */,
			);
			path = CoreDataDemoUITests;
			sourceTree = "<group>";
		};
/* End PBXGroup section */

/* Begin PBXNativeTarget section */
		F609DB16200A5C3600FE8907 /* CoreDataDemo */ = {
			isa = PBXNativeTarget;
			buildConfigurationList = F609DB42200A5C3600FE8907 /* Build configuration list for PBXNativeTarget "CoreDataDemo" */;
			buildPhases = (
				F609DB13200A5C3600FE8907 /* Sources */,
				F609DB14200A5C3600FE8907 /* Frameworks */,
				F609DB15200A5C3600FE8907 /* Resources */,
			);
			buildRules = (
			);
			dependencies = (
			);
			name = CoreDataDemo;
			productName = CoreDataDemo;
			productReference = F609DB17200A5C3600FE8907 /* CoreDataDemo.app */;
			productType = "com.apple.product-type.application";
		};
		F609DB2D200A5C3600FE8907 /* CoreDataDemoTests */ = {
			isa = PBXNativeTarget;
			buildConfigurationList = F609DB45200A5C3600FE8907 /* Build configuration list for PBXNativeTarget "CoreDataDemoTests" */;
			buildPhases = (
				F609DB2A200A5C3600FE8907 /* Sources */,
				F609DB2B200A5C3600FE8907 /* Frameworks */,
				F609DB2C200A5C3600FE8907 /* Resources */,
			);
			buildRules = (
			);
			dependencies = (
				F609DB30200A5C3600FE8907 /* PBXTargetDependency */,
			);
			name = CoreDataDemoTests;
			productName = CoreDataDemoTests;
			productReference = F609DB2E200A5C3600FE8907 /* CoreDataDemoTests.xctest */;
			productType = "com.apple.product-type.bundle.unit-test";
		};
		F609DB38200A5C3600FE8907 /* CoreDataDemoUITests */ = {
			isa = PBXNativeTarget;
			buildConfigurationList = F609DB48200A5C3600FE8907 /* Build configuration list for PBXNativeTarget "CoreDataDemoUITests" */;
			buildPhases = (
				F609DB35200A5C3600FE8907 /* Sources */,
				F609DB36200A5C3600FE8907 /* Frameworks */,
				F609DB37200A5C3600FE8907 /* Resources */,
			);
			buildRules = (
			);
			dependencies = (
				F609DB3B200A5C3600FE8907 /* PBXTargetDependency */,
			);
			name = CoreDataDemoUITests;
			productName = CoreDataDemoUITests;
			productReference = F609DB39200A5C3600FE8907 /* CoreDataDemoUITests.xctest */;
			productType = "com.apple.product-type.bundle.ui-testing";
		};
/* End PBXNativeTarget section */

/* Begin PBXProject section */
		F609DB0F200A5C3600FE8907 /* Project object */ = {
			isa = PBXProject;
			attributes = {
				LastSwiftUpdateCheck = 0920;
				LastUpgradeCheck = 0920;
				ORGANIZATIONNAME = "Facheng Liang ";
				TargetAttributes = {
					F609DB16200A5C3600FE8907 = {
						CreatedOnToolsVersion = 9.2;
						ProvisioningStyle = Automatic;
					};
					F609DB2D200A5C3600FE8907 = {
						CreatedOnToolsVersion = 9.2;
						ProvisioningStyle = Automatic;
						TestTargetID = F609DB16200A5C3600FE8907;
					};
					F609DB38200A5C3600FE8907 = {
						CreatedOnToolsVersion = 9.2;
						ProvisioningStyle = Automatic;
						TestTargetID = F609DB16200A5C3600FE8907;
					};
				};
			};
			buildConfigurationList = F609DB12200A5C3600FE8907 /* Build configuration list for PBXProject "CoreDataDemo" */;
			compatibilityVersion = "Xcode 8.0";
			developmentRegion = en;
			hasScannedForEncodings = 0;
			knownRegions = (
				en,
				Base,
			);
			mainGroup = F609DB0E200A5C3600FE8907;
			productRefGroup = F609DB18200A5C3600FE8907 /* Products */;
			projectDirPath = "";
			projectRoot = "";
			targets = (
				F609DB16200A5C3600FE8907 /* CoreDataDemo */,
				F609DB2D200A5C3600FE8907 /* CoreDataDemoTests */,
				F609DB38200A5C3600FE8907 /* CoreDataDemoUITests */,
			);
		};
/* End PBXProject section */

/* Begin PBXResourcesBuildPhase section */
		F609DB15200A5C3600FE8907 /* Resources */ = {
			isa = PBXResourcesBuildPhase;
			buildActionMask = 2147483647;
			files = (
				F609DB4C200A68C800FE8907 /* BookCell.xib in Resources */,
				F609DB28200A5C3600FE8907 /* LaunchScreen.storyboard in Resources */,
				F609DB25200A5C3600FE8907 /* Assets.xcassets in Resources */,
				F609DB20200A5C3600FE8907 /* Main.storyboard in Resources */,
			);
			runOnlyForDeploymentPostprocessing = 0;
		};
		F609DB2C200A5C3600FE8907 /* Resources */ = {
			isa = PBXResourcesBuildPhase;
			buildActionMask = 2147483647;
			files = (
			);
			runOnlyForDeploymentPostprocessing = 0;
		};
		F609DB37200A5C3600FE8907 /* Resources */ = {
			isa = PBXResourcesBuildPhase;
			buildActionMask = 2147483647;
			files = (
			);
			runOnlyForDeploymentPostprocessing = 0;
		};
/* End PBXResourcesBuildPhase section */

/* Begin PBXSourcesBuildPhase section */
		F609DB13200A5C3600FE8907 /* Sources */ = {
			isa = PBXSourcesBuildPhase;
			buildActionMask = 2147483647;
			files = (
				F609DB4E200A6ADD00FE8907 /* BookCell.swift in Sources */,
				F609DB1D200A5C3600FE8907 /* ViewController.swift in Sources */,
				F609DB23200A5C3600FE8907 /* CoreDataDemo.xcdatamodeld in Sources */,
				F609DB1B200A5C3600FE8907 /* AppDelegate.swift in Sources */,
				F609DB50200A7B9300FE8907 /* BookDetailViewController.swift in Sources */,
			);
			runOnlyForDeploymentPostprocessing = 0;
		};
		F609DB2A200A5C3600FE8907 /* Sources */ = {
			isa = PBXSourcesBuildPhase;
			buildActionMask = 2147483647;
			files = (
				F609DB33200A5C3600FE8907 /* CoreDataDemoTests.swift in Sources */,
			);
			runOnlyForDeploymentPostprocessing = 0;
		};
		F609DB35200A5C3600FE8907 /* Sources */ = {
			isa = PBXSourcesBuildPhase;
			buildActionMask = 2147483647;
			files = (
				F609DB3E200A5C3600FE8907 /* CoreDataDemoUITests.swift in Sources */,
			);
			runOnlyForDeploymentPostprocessing = 0;
		};
/* End PBXSourcesBuildPhase section */

/* Begin PBXTargetDependency section */
		F609DB30200A5C3600FE8907 /* PBXTargetDependency */ = {
			isa = PBXTargetDependency;
			target = F609DB16200A5C3600FE8907 /* CoreDataDemo */;
			targetProxy = F609DB2F200A5C3600FE8907 /* PBXContainerItemProxy */;
		};
		F609DB3B200A5C3600FE8907 /* PBXTargetDependency */ = {
			isa = PBXTargetDependency;
			target = F609DB16200A5C3600FE8907 /* CoreDataDemo */;
			targetProxy = F609DB3A200A5C3600FE8907 /* PBXContainerItemProxy */;
		};
/* End PBXTargetDependency section */

/* Begin PBXVariantGroup section */
		F609DB1E200A5C3600FE8907 /* Main.storyboard */ = {
			isa = PBXVariantGroup;
			children = (
				F609DB1F200A5C3600FE8907 /* Base */,
			);
			name = Main.storyboard;
			sourceTree = "<group>";
		};
		F609DB26200A5C3600FE8907 /* LaunchScreen.storyboard */ = {
			isa = PBXVariantGroup;
			children = (
				F609DB27200A5C3600FE8907 /* Base */,
			);
			name = LaunchScreen.storyboard;
			sourceTree = "<group>";
		};
/* End PBXVariantGroup section */

/* Begin XCBuildConfiguration section */
		F609DB40200A5C3600FE8907 /* Debug */ = {
			isa = XCBuildConfiguration;
			buildSettings = {
				ALWAYS_SEARCH_USER_PATHS = NO;
				CLANG_ANALYZER_NONNULL = YES;
				CLANG_ANALYZER_NUMBER_OBJECT_CONVERSION = YES_AGGRESSIVE;
				CLANG_CXX_LANGUAGE_STANDARD = "gnu++14";
				CLANG_CXX_LIBRARY = "libc++";
				CLANG_ENABLE_MODULES = YES;
				CLANG_ENABLE_OBJC_ARC = YES;
				CLANG_WARN_BLOCK_CAPTURE_AUTORELEASING = YES;
				CLANG_WARN_BOOL_CONVERSION = YES;
				CLANG_WARN_COMMA = YES;
				CLANG_WARN_CONSTANT_CONVERSION = YES;
				CLANG_WARN_DIRECT_OBJC_ISA_USAGE = YES_ERROR;
				CLANG_WARN_DOCUMENTATION_COMMENTS = YES;
				CLANG_WARN_EMPTY_BODY = YES;
				CLANG_WARN_ENUM_CONVERSION = YES;
				CLANG_WARN_INFINITE_RECURSION = YES;
				CLANG_WARN_INT_CONVERSION = YES;
				CLANG_WARN_NON_LITERAL_NULL_CONVERSION = YES;
				CLANG_WARN_OBJC_LITERAL_CONVERSION = YES;
				CLANG_WARN_OBJC_ROOT_CLASS = YES_ERROR;
				CLANG_WARN_RANGE_LOOP_ANALYSIS = YES;
				CLANG_WARN_STRICT_PROTOTYPES = YES;
				CLANG_WARN_SUSPICIOUS_MOVE = YES;
				CLANG_WARN_UNGUARDED_AVAILABILITY = YES_AGGRESSIVE;
				CLANG_WARN_UNREACHABLE_CODE = YES;
				CLANG_WARN__DUPLICATE_METHOD_MATCH = YES;
				CODE_SIGN_IDENTITY = "iPhone Developer";
				COPY_PHASE_STRIP = NO;
				DEBUG_INFORMATION_FORMAT = dwarf;
				ENABLE_STRICT_OBJC_MSGSEND = YES;
				ENABLE_TESTABILITY = YES;
				GCC_C_LANGUAGE_STANDARD = gnu11;
				GCC_DYNAMIC_NO_PIC = NO;
				GCC_NO_COMMON_BLOCKS = YES;
				GCC_OPTIMIZATION_LEVEL = 0;
				GCC_PREPROCESSOR_DEFINITIONS = (
					"DEBUG=1",
					"$(inherited)",
				);
				GCC_WARN_64_TO_32_BIT_CONVERSION = YES;
				GCC_WARN_ABOUT_RETURN_TYPE = YES_ERROR;
				GCC_WARN_UNDECLARED_SELECTOR = YES;
				GCC_WARN_UNINITIALIZED_AUTOS = YES_AGGRESSIVE;
				GCC_WARN_UNUSED_FUNCTION = YES;
				GCC_WARN_UNUSED_VARIABLE = YES;
				IPHONEOS_DEPLOYMENT_TARGET = 11.2;
				MTL_ENABLE_DEBUG_INFO = YES;
				ONLY_ACTIVE_ARCH = YES;
				SDKROOT = iphoneos;
				SWIFT_ACTIVE_COMPILATION_CONDITIONS = DEBUG;
				SWIFT_OPTIMIZATION_LEVEL = "-Onone";
			};
			name = Debug;
		};
		F609DB41200A5C3600FE8907 /* Release */ = {
			isa = XCBuildConfiguration;
			buildSettings = {
				ALWAYS_SEARCH_USER_PATHS = NO;
				CLANG_ANALYZER_NONNULL = YES;
				CLANG_ANALYZER_NUMBER_OBJECT_CONVERSION = YES_AGGRESSIVE;
				CLANG_CXX_LANGUAGE_STANDARD = "gnu++14";
				CLANG_CXX_LIBRARY = "libc++";
				CLANG_ENABLE_MODULES = YES;
				CLANG_ENABLE_OBJC_ARC = YES;
				CLANG_WARN_BLOCK_CAPTURE_AUTORELEASING = YES;
				CLANG_WARN_BOOL_CONVERSION = YES;
				CLANG_WARN_COMMA = YES;
				CLANG_WARN_CONSTANT_CONVERSION = YES;
				CLANG_WARN_DIRECT_OBJC_ISA_USAGE = YES_ERROR;
				CLANG_WARN_DOCUMENTATION_COMMENTS = YES;
				CLANG_WARN_EMPTY_BODY = YES;
				CLANG_WARN_ENUM_CONVERSION = YES;
				CLANG_WARN_INFINITE_RECURSION = YES;
				CLANG_WARN_INT_CONVERSION = YES;
				CLANG_WARN_NON_LITERAL_NULL_CONVERSION = YES;
				CLANG_WARN_OBJC_LITERAL_CONVERSION = YES;
				CLANG_WARN_OBJC_ROOT_CLASS = YES_ERROR;
				CLANG_WARN_RANGE_LOOP_ANALYSIS = YES;
				CLANG_WARN_STRICT_PROTOTYPES = YES;
				CLANG_WARN_SUSPICIOUS_MOVE = YES;
				CLANG_WARN_UNGUARDED_AVAILABILITY = YES_AGGRESSIVE;
				CLANG_WARN_UNREACHABLE_CODE = YES;
				CLANG_WARN__DUPLICATE_METHOD_MATCH = YES;
				CODE_SIGN_IDENTITY = "iPhone Developer";
				COPY_PHASE_STRIP = NO;
				DEBUG_INFORMATION_FORMAT = "dwarf-with-dsym";
				ENABLE_NS_ASSERTIONS = NO;
				ENABLE_STRICT_OBJC_MSGSEND = YES;
				GCC_C_LANGUAGE_STANDARD = gnu11;
				GCC_NO_COMMON_BLOCKS = YES;
				GCC_WARN_64_TO_32_BIT_CONVERSION = YES;
				GCC_WARN_ABOUT_RETURN_TYPE = YES_ERROR;
				GCC_WARN_UNDECLARED_SELECTOR = YES;
				GCC_WARN_UNINITIALIZED_AUTOS = YES_AGGRESSIVE;
				GCC_WARN_UNUSED_FUNCTION = YES;
				GCC_WARN_UNUSED_VARIABLE = YES;
				IPHONEOS_DEPLOYMENT_TARGET = 11.2;
				MTL_ENABLE_DEBUG_INFO = NO;
				SDKROOT = iphoneos;
				SWIFT_OPTIMIZATION_LEVEL = "-Owholemodule";
				VALIDATE_PRODUCT = YES;
			};
			name = Release;
		};
		F609DB43200A5C3600FE8907 /* Debug */ = {
			isa = XCBuildConfiguration;
			buildSettings = {
				ASSETCATALOG_COMPILER_APPICON_NAME = AppIcon;
				CODE_SIGN_STYLE = Automatic;
				DEVELOPMENT_TEAM = LL62P32G5C;
				INFOPLIST_FILE = CoreDataDemo/Info.plist;
				LD_RUNPATH_SEARCH_PATHS = "$(inherited) @executable_path/Frameworks";
				PRODUCT_BUNDLE_IDENTIFIER = com.thoughtworks.CoreDataDemo;
				PRODUCT_NAME = "$(TARGET_NAME)";
				SWIFT_VERSION = 4.0;
				TARGETED_DEVICE_FAMILY = "1,2";
			};
			name = Debug;
		};
		F609DB44200A5C3600FE8907 /* Release */ = {
			isa = XCBuildConfiguration;
			buildSettings = {
				ASSETCATALOG_COMPILER_APPICON_NAME = AppIcon;
				CODE_SIGN_STYLE = Automatic;
				DEVELOPMENT_TEAM = LL62P32G5C;
				INFOPLIST_FILE = CoreDataDemo/Info.plist;
				LD_RUNPATH_SEARCH_PATHS = "$(inherited) @executable_path/Frameworks";
				PRODUCT_BUNDLE_IDENTIFIER = com.thoughtworks.CoreDataDemo;
				PRODUCT_NAME = "$(TARGET_NAME)";
				SWIFT_VERSION = 4.0;
				TARGETED_DEVICE_FAMILY = "1,2";
			};
			name = Release;
		};
		F609DB46200A5C3600FE8907 /* Debug */ = {
			isa = XCBuildConfiguration;
			buildSettings = {
				ALWAYS_EMBED_SWIFT_STANDARD_LIBRARIES = YES;
				BUNDLE_LOADER = "$(TEST_HOST)";
				CODE_SIGN_STYLE = Automatic;
				DEVELOPMENT_TEAM = LL62P32G5C;
				INFOPLIST_FILE = CoreDataDemoTests/Info.plist;
				LD_RUNPATH_SEARCH_PATHS = "$(inherited) @executable_path/Frameworks @loader_path/Frameworks";
				PRODUCT_BUNDLE_IDENTIFIER = com.thoughtworks.CoreDataDemoTests;
				PRODUCT_NAME = "$(TARGET_NAME)";
				SWIFT_VERSION = 4.0;
				TARGETED_DEVICE_FAMILY = "1,2";
				TEST_HOST = "$(BUILT_PRODUCTS_DIR)/CoreDataDemo.app/CoreDataDemo";
			};
			name = Debug;
		};
		F609DB47200A5C3600FE8907 /* Release */ = {
			isa = XCBuildConfiguration;
			buildSettings = {
				ALWAYS_EMBED_SWIFT_STANDARD_LIBRARIES = YES;
				BUNDLE_LOADER = "$(TEST_HOST)";
				CODE_SIGN_STYLE = Automatic;
				DEVELOPMENT_TEAM = LL62P32G5C;
				INFOPLIST_FILE = CoreDataDemoTests/Info.plist;
				LD_RUNPATH_SEARCH_PATHS = "$(inherited) @executable_path/Frameworks @loader_path/Frameworks";
				PRODUCT_BUNDLE_IDENTIFIER = com.thoughtworks.CoreDataDemoTests;
				PRODUCT_NAME = "$(TARGET_NAME)";
				SWIFT_VERSION = 4.0;
				TARGETED_DEVICE_FAMILY = "1,2";
				TEST_HOST = "$(BUILT_PRODUCTS_DIR)/CoreDataDemo.app/CoreDataDemo";
			};
			name = Release;
		};
		F609DB49200A5C3600FE8907 /* Debug */ = {
			isa = XCBuildConfiguration;
			buildSettings = {
				ALWAYS_EMBED_SWIFT_STANDARD_LIBRARIES = YES;
				CODE_SIGN_STYLE = Automatic;
				DEVELOPMENT_TEAM = LL62P32G5C;
				INFOPLIST_FILE = CoreDataDemoUITests/Info.plist;
				LD_RUNPATH_SEARCH_PATHS = "$(inherited) @executable_path/Frameworks @loader_path/Frameworks";
				PRODUCT_BUNDLE_IDENTIFIER = com.thoughtworks.CoreDataDemoUITests;
				PRODUCT_NAME = "$(TARGET_NAME)";
				SWIFT_VERSION = 4.0;
				TARGETED_DEVICE_FAMILY = "1,2";
				TEST_TARGET_NAME = CoreDataDemo;
			};
			name = Debug;
		};
		F609DB4A200A5C3600FE8907 /* Release */ = {
			isa = XCBuildConfiguration;
			buildSettings = {
				ALWAYS_EMBED_SWIFT_STANDARD_LIBRARIES = YES;
				CODE_SIGN_STYLE = Automatic;
				DEVELOPMENT_TEAM = LL62P32G5C;
				INFOPLIST_FILE = CoreDataDemoUITests/Info.plist;
				LD_RUNPATH_SEARCH_PATHS = "$(inherited) @executable_path/Frameworks @loader_path/Frameworks";
				PRODUCT_BUNDLE_IDENTIFIER = com.thoughtworks.CoreDataDemoUITests;
				PRODUCT_NAME = "$(TARGET_NAME)";
				SWIFT_VERSION = 4.0;
				TARGETED_DEVICE_FAMILY = "1,2";
				TEST_TARGET_NAME = CoreDataDemo;
			};
			name = Release;
		};
/* End XCBuildConfiguration section */

/* Begin XCConfigurationList section */
		F609DB12200A5C3600FE8907 /* Build configuration list for PBXProject "CoreDataDemo" */ = {
			isa = XCConfigurationList;
			buildConfigurations = (
				F609DB40200A5C3600FE8907 /* Debug */,
				F609DB41200A5C3600FE8907 /* Release */,
			);
			defaultConfigurationIsVisible = 0;
			defaultConfigurationName = Release;
		};
		F609DB42200A5C3600FE8907 /* Build configuration list for PBXNativeTarget "CoreDataDemo" */ = {
			isa = XCConfigurationList;
			buildConfigurations = (
				F609DB43200A5C3600FE8907 /* Debug */,
				F609DB44200A5C3600FE8907 /* Release */,
			);
			defaultConfigurationIsVisible = 0;
			defaultConfigurationName = Release;
		};
		F609DB45200A5C3600FE8907 /* Build configuration list for PBXNativeTarget "CoreDataDemoTests" */ = {
			isa = XCConfigurationList;
			buildConfigurations = (
				F609DB46200A5C3600FE8907 /* Debug */,
				F609DB47200A5C3600FE8907 /* Release */,
			);
			defaultConfigurationIsVisible = 0;
			defaultConfigurationName = Release;
		};
		F609DB48200A5C3600FE8907 /* Build configuration list for PBXNativeTarget "CoreDataDemoUITests" */ = {
			isa = XCConfigurationList;
			buildConfigurations = (
				F609DB49200A5C3600FE8907 /* Debug */,
				F609DB4A200A5C3600FE8907 /* Release */,
			);
			defaultConfigurationIsVisible = 0;
			defaultConfigurationName = Release;
		};
/* End XCConfigurationList section */

/* Begin XCVersionGroup section */
		F609DB21200A5C3600FE8907 /* CoreDataDemo.xcdatamodeld */ = {
			isa = XCVersionGroup;
			children = (
				F609DB22200A5C3600FE8907 /* CoreDataDemo.xcdatamodel */,
			);
			currentVersion = F609DB22200A5C3600FE8907 /* CoreDataDemo.xcdatamodel */;
			path = CoreDataDemo.xcdatamodeld;
			sourceTree = "<group>";
			versionGroupType = wrapper.xcdatamodel;
		};
/* End XCVersionGroup section */
	};
	rootObject = F609DB0F200A5C3600FE8907 /* Project object */;
}
